dependencies:
- name: mysql
  repository: oci://registry-1.docker.io/bitnamicharts
  version: 12.3.1
- name: mysql
  repository: oci://registry-1.docker.io/bitnamicharts
  version: 12.3.1
digest: sha256:22c52c4c8c4c3baa72ce368719be2bd46e2ad172375e86e5582eef9175050fad
generated: "2025-03-13T15:22:54.268185614-05:00"
