dependencies:
- name: mysql
  repository: oci://registry-1.docker.io/bitnamicharts
  version: 14.0.2
- name: mysql
  repository: oci://registry-1.docker.io/bitnamicharts
  version: 14.0.2
digest: sha256:9f382a584d8cdfcc319fbdc1a0f22e8301c03846957f635c2c6486bc755295e2
generated: "2025-08-13T10:31:25.644134513-05:00"
